{"schema_version": 1, "pid": 3001, "hostname": "local-host", "started_at": "2026-06-21T11:57:31.097956+00:00", "config_path": "C:\\Users\\north\\Desktop\\post_train\\.pytest_tmp_acceptance_20260621\\test_two_stale_recoverers_cann0\\config.yaml", "output_dir": "C:\\Users\\north\\Desktop\\post_train\\.pytest_tmp_acceptance_20260621\\test_two_stale_recoverers_cann0\\output", "topology": "dual_gpu_teacher", "owner_token": "first-owner"}
