{"schema_version": 1, "pid": 3002, "hostname": "local-host", "started_at": "2026-06-21T12:06:59.475139+00:00", "config_path": "C:\\Users\\north\\Desktop\\post_train\\.pytest_tmp_postmerge_legacy_elevated_20260621\\test_release_cannot_delete_rep0\\config.yaml", "output_dir": "C:\\Users\\north\\Desktop\\post_train\\.pytest_tmp_postmerge_legacy_elevated_20260621\\test_release_cannot_delete_rep0\\output", "topology": "dual_gpu_teacher", "owner_token": "replacement-owner"}
