{"schema_version": 1, "pid": 2222, "hostname": "local-host", "started_at": "", "config_path": "C:\\Users\\north\\Desktop\\post_train\\.pytest_tmp_postmerge_legacy_elevated_20260621\\test_acquire_refuses_structura7\\config.yaml", "output_dir": "C:\\Users\\north\\Desktop\\post_train\\.pytest_tmp_postmerge_legacy_elevated_20260621\\test_acquire_refuses_structura7\\output", "topology": "dual_gpu_teacher", "owner_token": "other"}