{"schema_version": 1, "pid": 123, "hostname": "host-a", "started_at": "2026-06-21T12:07:23.616103+00:00", "config_path": "C:\\Users\\north\\Desktop\\post_train\\.pytest_tmp_postmerge_v2_elevated_20260621\\test_active_lock_is_never_reco0\\config.yaml", "output_dir": "C:\\Users\\north\\Desktop\\post_train\\.pytest_tmp_postmerge_v2_elevated_20260621\\test_active_lock_is_never_reco0\\output", "topology": "dual_tp1", "owner_token": "active-owner"}
